
Microsoft Visual Studio Solution File, Format Version 12.00
# Visual Studio 15
VisualStudioVersion = 15.0.28307.136
MinimumVisualStudioVersion = 10.0.40219.1
Project("{FAE04EC0-301F-11D3-BF4B-00C04F79EFBC}") = "DevicesApp", "DevicesApp\DevicesApp.csproj", "{E6B2A719-3E92-4DB1-91A3-B25C11E87188}"
EndProject
Global
	GlobalSection(SolutionConfigurationPlatforms) = preSolution
		Debug|Any CPU = Debug|Any CPU
		Release|Any CPU = Release|Any CPU
	EndGlobalSection
	GlobalSection(ProjectConfigurationPlatforms) = postSolution
		{E6B2A719-3E92-4DB1-91A3-B25C11E87188}.Debug|Any CPU.ActiveCfg = Debug|Any CPU
		{E6B2A719-3E92-4DB1-91A3-B25C11E87188}.Debug|Any CPU.Build.0 = Debug|Any CPU
		{E6B2A719-3E92-4DB1-91A3-B25C11E87188}.Release|Any CPU.ActiveCfg = Release|Any CPU
		{E6B2A719-3E92-4DB1-91A3-B25C11E87188}.Release|Any CPU.Build.0 = Release|Any CPU
	EndGlobalSection
	GlobalSection(SolutionProperties) = preSolution
		HideSolutionNode = FALSE
	EndGlobalSection
	GlobalSection(ExtensibilityGlobals) = postSolution
		SolutionGuid = {6F2C7625-3E22-426A-9F4B-06CD7621BCEC}
	EndGlobalSection
EndGlobal
